{
  "nodes": {
    "emacsConfig": {
      "locked": {
        "dir": "nixos/etc/nixos/",
        "lastModified": 1700647398,
        "narHash": "sha256-6CxJCQsa0H1MISTeH0YbVXEQaS7TkcOEfPOTrXHjfTc=",
        "ref": "refs/heads/master",
        "rev": "63342c27ab08a3d9d3a4e9bc0be860ef82f95166",
        "revCount": 1018,
        "type": "git",
        "url": "https://github.com/sstoltze/emacs-config?dir=nixos%2fetc%2fnixos%2f"
      },
      "original": {
        "dir": "nixos/etc/nixos/",
        "type": "git",
        "url": "https://github.com/sstoltze/emacs-config?dir=nixos%2fetc%2fnixos%2f"
      }
    },
    "nixpkgs": {
      "locked": {
        "lastModified": 1700538105,
        "narHash": "sha256-uZhOCmwv8VupEmPZm3erbr9XXmyg7K67Ul3+Rx2XMe0=",
        "owner": "NixOS",
        "repo": "nixpkgs",
        "rev": "51a01a7e5515b469886c120e38db325c96694c2f",
        "type": "github"
      },
      "original": {
        "id": "nixpkgs",
        "type": "indirect"
      }
    },
    "root": {
      "inputs": {
        "emacsConfig": "emacsConfig",
        "nixpkgs": "nixpkgs"
      }
    }
  },
  "root": "root",
  "version": 7
}
