{
  "nodes": {
    "emacsConfig": {
      "locked": {
        "dir": "nixos/etc/nixos/",
        "lastModified": 1700653672,
        "narHash": "sha256-5h28YQVT8SgQ9fVdXfpZRA8t5DIYqv5LHjGO8cuZANQ=",
        "ref": "refs/heads/master",
        "rev": "e306d9311cd3a9d9ccf938de1457ccfdc0611522",
        "revCount": 1020,
        "type": "git",
        "url": "https://github.com/sstoltze/emacs-config?dir=nixos%2fetc%2fnixos%2f"
      },
      "original": {
        "dir": "nixos/etc/nixos/",
        "type": "git",
        "url": "https://github.com/sstoltze/emacs-config?dir=nixos%2fetc%2fnixos%2f"
      }
    },
    "nixpkgs": {
      "locked": {
        "lastModified": 1700538105,
        "narHash": "sha256-uZhOCmwv8VupEmPZm3erbr9XXmyg7K67Ul3+Rx2XMe0=",
        "owner": "NixOS",
        "repo": "nixpkgs",
        "rev": "51a01a7e5515b469886c120e38db325c96694c2f",
        "type": "github"
      },
      "original": {
        "id": "nixpkgs",
        "type": "indirect"
      }
    },
    "root": {
      "inputs": {
        "emacsConfig": "emacsConfig",
        "nixpkgs": "nixpkgs"
      }
    }
  },
  "root": "root",
  "version": 7
}
