{
  "nodes": {
    "emacsConfig": {
      "flake": false,
      "locked": {
        "dir": "nixos/etc/nixos/configuration.nix",
        "lastModified": 1699948498,
        "narHash": "sha256-6HbXZ2a5Gb3uKSud8ii6Noqx/DoLLxn6FbEcwAkavJs=",
        "ref": "refs/heads/master",
        "rev": "093f77e0e7156a3f92b48ebd1778c8ff27199758",
        "revCount": 1017,
        "type": "git",
        "url": "https://github.com/sstoltze/emacs-config?dir=nixos%2fetc%2fnixos%2fconfiguration.nix"
      },
      "original": {
        "dir": "nixos/etc/nixos/configuration.nix",
        "type": "git",
        "url": "https://github.com/sstoltze/emacs-config?dir=nixos%2fetc%2fnixos%2fconfiguration.nix"
      }
    },
    "nixpkgs": {
      "locked": {
        "lastModified": 1700538105,
        "narHash": "sha256-uZhOCmwv8VupEmPZm3erbr9XXmyg7K67Ul3+Rx2XMe0=",
        "owner": "NixOS",
        "repo": "nixpkgs",
        "rev": "51a01a7e5515b469886c120e38db325c96694c2f",
        "type": "github"
      },
      "original": {
        "id": "nixpkgs",
        "type": "indirect"
      }
    },
    "root": {
      "inputs": {
        "emacsConfig": "emacsConfig",
        "nixpkgs": "nixpkgs"
      }
    }
  },
  "root": "root",
  "version": 7
}
